
Microsoft Visual Studio Solution File, Format Version 12.00
# Visual Studio Version 17
VisualStudioVersion = 17.13.35825.156 d17.13
MinimumVisualStudioVersion = 10.0.40219.1
Project("{FAE04EC0-301F-11D3-BF4B-00C04F79EFBC}") = "MallarEmelieMVC", "MallarEmelieMVC\MallarEmelieMVC.csproj", "{1DC0D3BF-FC89-4A07-B577-E14E6D3C2180}"
EndProject
Global
	GlobalSection(SolutionConfigurationPlatforms) = preSolution
		Debug|Any CPU = Debug|Any CPU
		Release|Any CPU = Release|Any CPU
	EndGlobalSection
	GlobalSection(ProjectConfigurationPlatforms) = postSolution
		{1DC0D3BF-FC89-4A07-B577-E14E6D3C2180}.Debug|Any CPU.ActiveCfg = Debug|Any CPU
		{1DC0D3BF-FC89-4A07-B577-E14E6D3C2180}.Debug|Any CPU.Build.0 = Debug|Any CPU
		{1DC0D3BF-FC89-4A07-B577-E14E6D3C2180}.Release|Any CPU.ActiveCfg = Release|Any CPU
		{1DC0D3BF-FC89-4A07-B577-E14E6D3C2180}.Release|Any CPU.Build.0 = Release|Any CPU
	EndGlobalSection
	GlobalSection(SolutionProperties) = preSolution
		HideSolutionNode = FALSE
	EndGlobalSection
	GlobalSection(ExtensibilityGlobals) = postSolution
		SolutionGuid = {A6001847-88ED-4ADC-AE2C-BB0FCDC7E355}
	EndGlobalSection
EndGlobal
